
Microsoft Visual Studio Solution File, Format Version 12.00
# Visual Studio 14
VisualStudioVersion = 14.0.25420.1
MinimumVisualStudioVersion = 10.0.40219.1
Project("{FAE04EC0-301F-11D3-BF4B-00C04F79EFBC}") = "Checkpoint", "Checkpoint\Checkpoint.csproj", "{ECA4FAB0-E145-4657-9807-D6C56D526129}"
EndProject
Global
	GlobalSection(SolutionConfigurationPlatforms) = preSolution
		Debug|Any CPU = Debug|Any CPU
		Release|Any CPU = Release|Any CPU
	EndGlobalSection
	GlobalSection(ProjectConfigurationPlatforms) = postSolution
		{ECA4FAB0-E145-4657-9807-D6C56D526129}.Debug|Any CPU.ActiveCfg = Debug|Any CPU
		{ECA4FAB0-E145-4657-9807-D6C56D526129}.Debug|Any CPU.Build.0 = Debug|Any CPU
		{ECA4FAB0-E145-4657-9807-D6C56D526129}.Release|Any CPU.ActiveCfg = Release|Any CPU
		{ECA4FAB0-E145-4657-9807-D6C56D526129}.Release|Any CPU.Build.0 = Release|Any CPU
	EndGlobalSection
	GlobalSection(SolutionProperties) = preSolution
		HideSolutionNode = FALSE
	EndGlobalSection
EndGlobal
